{
  "name": "phase-4-deploying-app-demo",
  "lockfileVersion": 2,
  "requires": true,
  "packages": {
    "": {
      "name": "phase-4-deploying-app-demo",
      "dependencies": {
        "dotenv": "^16.0.3",
        "imagesloaded": "^5.0.0",
        "mdb-react-ui-kit": "^1.6.0",
        "react-masonry-css": "^1.0.16",
        "react-router-dom": "^6.11.2"
      },
      "devDependencies": {
        "dotenv-webpack": "^8.0.1"
      },
      "engines": {
        "node": "16.x"
      }
    },
    "node_modules/@popperjs/core": {
      "version": "2.6.0",
      "resolved": "https://registry.npmjs.org/@popperjs/core/-/core-2.6.0.tgz",
      "integrity": "sha512-cPqjjzuFWNK3BSKLm0abspP0sp/IGOli4p5I5fKFAzdS8fvjdOwDCfZqAaIiXd9lPkOWi3SUUfZof3hEb7J/uw==",
      "funding": {
        "type": "opencollective",
        "url": "https://opencollective.com/popperjs"
      }
    },
    "node_modules/@remix-run/router": {
      "version": "1.6.2",
      "resolved": "https://registry.npmjs.org/@remix-run/router/-/router-1.6.2.tgz",
      "integrity": "sha512-LzqpSrMK/3JBAVBI9u3NWtOhWNw5AMQfrUFYB0+bDHTSw17z++WJLsPsxAuK+oSddsxk4d7F/JcdDPM1M5YAhA==",
      "engines": {
        "node": ">=14"
      }
    },
    "node_modules/clsx": {
      "version": "1.1.1",
      "resolved": "https://registry.npmjs.org/clsx/-/clsx-1.1.1.tgz",
      "integrity": "sha512-6/bPho624p3S2pMyvP5kKBPXnI3ufHLObBFCfgx+LkeR5lg2XYy2hqZqUf45ypD8COn2bhgGJSUE+l5dhNBieA==",
      "engines": {
        "node": ">=6"
      }
    },
    "node_modules/dotenv": {
      "version": "16.0.3",
      "resolved": "https://registry.npmjs.org/dotenv/-/dotenv-16.0.3.tgz",
      "integrity": "sha512-7GO6HghkA5fYG9TYnNxi14/7K9f5occMlp3zXAuSxn7CKCxt9xbNWG7yF8hTCSUchlfWSe3uLmlPfigevRItzQ==",
      "engines": {
        "node": ">=12"
      }
    },
    "node_modules/dotenv-defaults": {
      "version": "2.0.2",
      "resolved": "https://registry.npmjs.org/dotenv-defaults/-/dotenv-defaults-2.0.2.tgz",
      "integrity": "sha512-iOIzovWfsUHU91L5i8bJce3NYK5JXeAwH50Jh6+ARUdLiiGlYWfGw6UkzsYqaXZH/hjE/eCd/PlfM/qqyK0AMg==",
      "dev": true,
      "dependencies": {
        "dotenv": "^8.2.0"
      }
    },
    "node_modules/dotenv-defaults/node_modules/dotenv": {
      "version": "8.6.0",
      "resolved": "https://registry.npmjs.org/dotenv/-/dotenv-8.6.0.tgz",
      "integrity": "sha512-IrPdXQsk2BbzvCBGBOTmmSH5SodmqZNt4ERAZDmW4CT+tL8VtvinqywuANaFu4bOMWki16nqf0e4oC0QIaDr/g==",
      "dev": true,
      "engines": {
        "node": ">=10"
      }
    },
    "node_modules/dotenv-webpack": {
      "version": "8.0.1",
      "resolved": "https://registry.npmjs.org/dotenv-webpack/-/dotenv-webpack-8.0.1.tgz",
      "integrity": "sha512-CdrgfhZOnx4uB18SgaoP9XHRN2v48BbjuXQsZY5ixs5A8579NxQkmMxRtI7aTwSiSQcM2ao12Fdu+L3ZS3bG4w==",
      "dev": true,
      "dependencies": {
        "dotenv-defaults": "^2.0.2"
      },
      "engines": {
        "node": ">=10"
      },
      "peerDependencies": {
        "webpack": "^4 || ^5"
      }
    },
    "node_modules/ev-emitter": {
      "version": "2.1.2",
      "resolved": "https://registry.npmjs.org/ev-emitter/-/ev-emitter-2.1.2.tgz",
      "integrity": "sha512-jQ5Ql18hdCQ4qS+RCrbLfz1n+Pags27q5TwMKvZyhp5hh2UULUYZUy1keqj6k6SYsdqIYjnmz7xyyEY0V67B8Q=="
    },
    "node_modules/imagesloaded": {
      "version": "5.0.0",
      "resolved": "https://registry.npmjs.org/imagesloaded/-/imagesloaded-5.0.0.tgz",
      "integrity": "sha512-/0JGSubc1MTCoDKVmonLHgbifBWHdyLkun+R/151E1c5n79hiSxcd7cB7mPXFgojYu8xnRZv7GYxzKoxW8BetQ==",
      "dependencies": {
        "ev-emitter": "^2.1.2"
      }
    },
    "node_modules/js-tokens": {
      "version": "4.0.0",
      "resolved": "https://registry.npmjs.org/js-tokens/-/js-tokens-4.0.0.tgz",
      "integrity": "sha512-RdJUflcE3cUzKiMqQgsCu06FPu9UdIJO0beYbPhHN4k6apgJtifcoCtT9bcxOpYBtpD2kCM6Sbzg4CausW/PKQ=="
    },
    "node_modules/loose-envify": {
      "version": "1.4.0",
      "resolved": "https://registry.npmjs.org/loose-envify/-/loose-envify-1.4.0.tgz",
      "integrity": "sha512-lyuxPGr/Wfhrlem2CL/UcnUc1zcqKAImBDzukY7Y5F/yQiNdko6+fRLevlw1HgMySw7f611UIY408EtxRSoK3Q==",
      "dependencies": {
        "js-tokens": "^3.0.0 || ^4.0.0"
      },
      "bin": {
        "loose-envify": "cli.js"
      }
    },
    "node_modules/mdb-react-ui-kit": {
      "version": "1.6.0",
      "resolved": "https://registry.npmjs.org/mdb-react-ui-kit/-/mdb-react-ui-kit-1.6.0.tgz",
      "integrity": "sha512-WTPDyacPeYMGRBjXhEH6zslRdbrvoaRn/pzR9u4ooLx0IDkfoxympPL04BrIqfS//iZufWYsOvy2FoyoEKxZjg==",
      "dependencies": {
        "@popperjs/core": "2.6.0",
        "clsx": "1.1.1",
        "react-popper": "2.2.4"
      },
      "peerDependencies": {
        "@types/react": "^17.0.0",
        "@types/react-dom": "^17.0.0",
        "react": "^17.0.0",
        "react-dom": "^17.0.0"
      }
    },
    "node_modules/react-fast-compare": {
      "version": "3.2.1",
      "resolved": "https://registry.npmjs.org/react-fast-compare/-/react-fast-compare-3.2.1.tgz",
      "integrity": "sha512-xTYf9zFim2pEif/Fw16dBiXpe0hoy5PxcD8+OwBnTtNLfIm3g6WxhKNurY+6OmdH1u6Ta/W/Vl6vjbYP1MFnDg=="
    },
    "node_modules/react-masonry-css": {
      "version": "1.0.16",
      "resolved": "https://registry.npmjs.org/react-masonry-css/-/react-masonry-css-1.0.16.tgz",
      "integrity": "sha512-KSW0hR2VQmltt/qAa3eXOctQDyOu7+ZBevtKgpNDSzT7k5LA/0XntNa9z9HKCdz3QlxmJHglTZ18e4sX4V8zZQ==",
      "peerDependencies": {
        "react": ">=16.0.0"
      }
    },
    "node_modules/react-popper": {
      "version": "2.2.4",
      "resolved": "https://registry.npmjs.org/react-popper/-/react-popper-2.2.4.tgz",
      "integrity": "sha512-NacOu4zWupdQjVXq02XpTD3yFPSfg5a7fex0wa3uGKVkFK7UN6LvVxgcb+xYr56UCuWiNPMH20tntdVdJRwYew==",
      "dependencies": {
        "react-fast-compare": "^3.0.1",
        "warning": "^4.0.2"
      },
      "peerDependencies": {
        "@popperjs/core": "^2.0.0",
        "react": "^16.8.0 || ^17"
      }
    },
    "node_modules/react-router": {
      "version": "6.11.2",
      "resolved": "https://registry.npmjs.org/react-router/-/react-router-6.11.2.tgz",
      "integrity": "sha512-74z9xUSaSX07t3LM+pS6Un0T55ibUE/79CzfZpy5wsPDZaea1F8QkrsiyRnA2YQ7LwE/umaydzXZV80iDCPkMg==",
      "dependencies": {
        "@remix-run/router": "1.6.2"
      },
      "engines": {
        "node": ">=14"
      },
      "peerDependencies": {
        "react": ">=16.8"
      }
    },
    "node_modules/react-router-dom": {
      "version": "6.11.2",
      "resolved": "https://registry.npmjs.org/react-router-dom/-/react-router-dom-6.11.2.tgz",
      "integrity": "sha512-JNbKtAeh1VSJQnH6RvBDNhxNwemRj7KxCzc5jb7zvDSKRnPWIFj9pO+eXqjM69gQJ0r46hSz1x4l9y0651DKWw==",
      "dependencies": {
        "@remix-run/router": "1.6.2",
        "react-router": "6.11.2"
      },
      "engines": {
        "node": ">=14"
      },
      "peerDependencies": {
        "react": ">=16.8",
        "react-dom": ">=16.8"
      }
    },
    "node_modules/warning": {
      "version": "4.0.3",
      "resolved": "https://registry.npmjs.org/warning/-/warning-4.0.3.tgz",
      "integrity": "sha512-rpJyN222KWIvHJ/F53XSZv0Zl/accqHR8et1kpaMTD/fLCRxtV8iX8czMzY7sVZupTI3zcUTg8eycS2kNF9l6w==",
      "dependencies": {
        "loose-envify": "^1.0.0"
      }
    }
  },
  "dependencies": {
    "@popperjs/core": {
      "version": "2.6.0",
      "resolved": "https://registry.npmjs.org/@popperjs/core/-/core-2.6.0.tgz",
      "integrity": "sha512-cPqjjzuFWNK3BSKLm0abspP0sp/IGOli4p5I5fKFAzdS8fvjdOwDCfZqAaIiXd9lPkOWi3SUUfZof3hEb7J/uw=="
    },
    "@remix-run/router": {
      "version": "1.6.2",
      "resolved": "https://registry.npmjs.org/@remix-run/router/-/router-1.6.2.tgz",
      "integrity": "sha512-LzqpSrMK/3JBAVBI9u3NWtOhWNw5AMQfrUFYB0+bDHTSw17z++WJLsPsxAuK+oSddsxk4d7F/JcdDPM1M5YAhA=="
    },
    "clsx": {
      "version": "1.1.1",
      "resolved": "https://registry.npmjs.org/clsx/-/clsx-1.1.1.tgz",
      "integrity": "sha512-6/bPho624p3S2pMyvP5kKBPXnI3ufHLObBFCfgx+LkeR5lg2XYy2hqZqUf45ypD8COn2bhgGJSUE+l5dhNBieA=="
    },
    "dotenv": {
      "version": "16.0.3",
      "resolved": "https://registry.npmjs.org/dotenv/-/dotenv-16.0.3.tgz",
      "integrity": "sha512-7GO6HghkA5fYG9TYnNxi14/7K9f5occMlp3zXAuSxn7CKCxt9xbNWG7yF8hTCSUchlfWSe3uLmlPfigevRItzQ=="
    },
    "dotenv-defaults": {
      "version": "2.0.2",
      "resolved": "https://registry.npmjs.org/dotenv-defaults/-/dotenv-defaults-2.0.2.tgz",
      "integrity": "sha512-iOIzovWfsUHU91L5i8bJce3NYK5JXeAwH50Jh6+ARUdLiiGlYWfGw6UkzsYqaXZH/hjE/eCd/PlfM/qqyK0AMg==",
      "dev": true,
      "requires": {
        "dotenv": "^8.2.0"
      },
      "dependencies": {
        "dotenv": {
          "version": "8.6.0",
          "resolved": "https://registry.npmjs.org/dotenv/-/dotenv-8.6.0.tgz",
          "integrity": "sha512-IrPdXQsk2BbzvCBGBOTmmSH5SodmqZNt4ERAZDmW4CT+tL8VtvinqywuANaFu4bOMWki16nqf0e4oC0QIaDr/g==",
          "dev": true
        }
      }
    },
    "dotenv-webpack": {
      "version": "8.0.1",
      "resolved": "https://registry.npmjs.org/dotenv-webpack/-/dotenv-webpack-8.0.1.tgz",
      "integrity": "sha512-CdrgfhZOnx4uB18SgaoP9XHRN2v48BbjuXQsZY5ixs5A8579NxQkmMxRtI7aTwSiSQcM2ao12Fdu+L3ZS3bG4w==",
      "dev": true,
      "requires": {
        "dotenv-defaults": "^2.0.2"
      }
    },
    "ev-emitter": {
      "version": "2.1.2",
      "resolved": "https://registry.npmjs.org/ev-emitter/-/ev-emitter-2.1.2.tgz",
      "integrity": "sha512-jQ5Ql18hdCQ4qS+RCrbLfz1n+Pags27q5TwMKvZyhp5hh2UULUYZUy1keqj6k6SYsdqIYjnmz7xyyEY0V67B8Q=="
    },
    "imagesloaded": {
      "version": "5.0.0",
      "resolved": "https://registry.npmjs.org/imagesloaded/-/imagesloaded-5.0.0.tgz",
      "integrity": "sha512-/0JGSubc1MTCoDKVmonLHgbifBWHdyLkun+R/151E1c5n79hiSxcd7cB7mPXFgojYu8xnRZv7GYxzKoxW8BetQ==",
      "requires": {
        "ev-emitter": "^2.1.2"
      }
    },
    "js-tokens": {
      "version": "4.0.0",
      "resolved": "https://registry.npmjs.org/js-tokens/-/js-tokens-4.0.0.tgz",
      "integrity": "sha512-RdJUflcE3cUzKiMqQgsCu06FPu9UdIJO0beYbPhHN4k6apgJtifcoCtT9bcxOpYBtpD2kCM6Sbzg4CausW/PKQ=="
    },
    "loose-envify": {
      "version": "1.4.0",
      "resolved": "https://registry.npmjs.org/loose-envify/-/loose-envify-1.4.0.tgz",
      "integrity": "sha512-lyuxPGr/Wfhrlem2CL/UcnUc1zcqKAImBDzukY7Y5F/yQiNdko6+fRLevlw1HgMySw7f611UIY408EtxRSoK3Q==",
      "requires": {
        "js-tokens": "^3.0.0 || ^4.0.0"
      }
    },
    "mdb-react-ui-kit": {
      "version": "1.6.0",
      "resolved": "https://registry.npmjs.org/mdb-react-ui-kit/-/mdb-react-ui-kit-1.6.0.tgz",
      "integrity": "sha512-WTPDyacPeYMGRBjXhEH6zslRdbrvoaRn/pzR9u4ooLx0IDkfoxympPL04BrIqfS//iZufWYsOvy2FoyoEKxZjg==",
      "requires": {
        "@popperjs/core": "2.6.0",
        "clsx": "1.1.1",
        "react-popper": "2.2.4"
      }
    },
    "react-fast-compare": {
      "version": "3.2.1",
      "resolved": "https://registry.npmjs.org/react-fast-compare/-/react-fast-compare-3.2.1.tgz",
      "integrity": "sha512-xTYf9zFim2pEif/Fw16dBiXpe0hoy5PxcD8+OwBnTtNLfIm3g6WxhKNurY+6OmdH1u6Ta/W/Vl6vjbYP1MFnDg=="
    },
    "react-masonry-css": {
      "version": "1.0.16",
      "resolved": "https://registry.npmjs.org/react-masonry-css/-/react-masonry-css-1.0.16.tgz",
      "integrity": "sha512-KSW0hR2VQmltt/qAa3eXOctQDyOu7+ZBevtKgpNDSzT7k5LA/0XntNa9z9HKCdz3QlxmJHglTZ18e4sX4V8zZQ=="
    },
    "react-popper": {
      "version": "2.2.4",
      "resolved": "https://registry.npmjs.org/react-popper/-/react-popper-2.2.4.tgz",
      "integrity": "sha512-NacOu4zWupdQjVXq02XpTD3yFPSfg5a7fex0wa3uGKVkFK7UN6LvVxgcb+xYr56UCuWiNPMH20tntdVdJRwYew==",
      "requires": {
        "react-fast-compare": "^3.0.1",
        "warning": "^4.0.2"
      }
    },
    "react-router": {
      "version": "6.11.2",
      "resolved": "https://registry.npmjs.org/react-router/-/react-router-6.11.2.tgz",
      "integrity": "sha512-74z9xUSaSX07t3LM+pS6Un0T55ibUE/79CzfZpy5wsPDZaea1F8QkrsiyRnA2YQ7LwE/umaydzXZV80iDCPkMg==",
      "requires": {
        "@remix-run/router": "1.6.2"
      }
    },
    "react-router-dom": {
      "version": "6.11.2",
      "resolved": "https://registry.npmjs.org/react-router-dom/-/react-router-dom-6.11.2.tgz",
      "integrity": "sha512-JNbKtAeh1VSJQnH6RvBDNhxNwemRj7KxCzc5jb7zvDSKRnPWIFj9pO+eXqjM69gQJ0r46hSz1x4l9y0651DKWw==",
      "requires": {
        "@remix-run/router": "1.6.2",
        "react-router": "6.11.2"
      }
    },
    "warning": {
      "version": "4.0.3",
      "resolved": "https://registry.npmjs.org/warning/-/warning-4.0.3.tgz",
      "integrity": "sha512-rpJyN222KWIvHJ/F53XSZv0Zl/accqHR8et1kpaMTD/fLCRxtV8iX8czMzY7sVZupTI3zcUTg8eycS2kNF9l6w==",
      "requires": {
        "loose-envify": "^1.0.0"
      }
    }
  }
}
